
Microsoft Visual Studio Solution File, Format Version 12.00
# Visual Studio Version 17
VisualStudioVersion = 17.1.32421.90
MinimumVisualStudioVersion = 10.0.40219.1
Project("{FAE04EC0-301F-11D3-BF4B-00C04F79EFBC}") = "MyWeatherSite", "MyWeatherSite\MyWeatherSite.csproj", "{87861972-14ED-4343-AF02-F139CCFC0120}"
EndProject
Global
	GlobalSection(SolutionConfigurationPlatforms) = preSolution
		Debug|Any CPU = Debug|Any CPU
		Release|Any CPU = Release|Any CPU
	EndGlobalSection
	GlobalSection(ProjectConfigurationPlatforms) = postSolution
		{87861972-14ED-4343-AF02-F139CCFC0120}.Debug|Any CPU.ActiveCfg = Debug|Any CPU
		{87861972-14ED-4343-AF02-F139CCFC0120}.Debug|Any CPU.Build.0 = Debug|Any CPU
		{87861972-14ED-4343-AF02-F139CCFC0120}.Release|Any CPU.ActiveCfg = Release|Any CPU
		{87861972-14ED-4343-AF02-F139CCFC0120}.Release|Any CPU.Build.0 = Release|Any CPU
	EndGlobalSection
	GlobalSection(SolutionProperties) = preSolution
		HideSolutionNode = FALSE
	EndGlobalSection
	GlobalSection(ExtensibilityGlobals) = postSolution
		SolutionGuid = {25D9957E-0FA2-48A8-8531-783D0B73BB93}
	EndGlobalSection
EndGlobal
